
Microsoft Visual Studio Solution File, Format Version 12.00
# Visual Studio Version 16
VisualStudioVersion = 16.0.30907.101
MinimumVisualStudioVersion = 10.0.40219.1
Project("{9A19103F-16F7-4668-BE54-9A1E7A4F7556}") = "Project1-Group3-5", "Project1-Group3-5\Project1-Group3-5.csproj", "{0C4D0670-BCEB-4F2B-B8F1-35DDA7451641}"
EndProject
Global
	GlobalSection(SolutionConfigurationPlatforms) = preSolution
		Debug|Any CPU = Debug|Any CPU
		Release|Any CPU = Release|Any CPU
	EndGlobalSection
	GlobalSection(ProjectConfigurationPlatforms) = postSolution
		{0C4D0670-BCEB-4F2B-B8F1-35DDA7451641}.Debug|Any CPU.ActiveCfg = Debug|Any CPU
		{0C4D0670-BCEB-4F2B-B8F1-35DDA7451641}.Debug|Any CPU.Build.0 = Debug|Any CPU
		{0C4D0670-BCEB-4F2B-B8F1-35DDA7451641}.Release|Any CPU.ActiveCfg = Release|Any CPU
		{0C4D0670-BCEB-4F2B-B8F1-35DDA7451641}.Release|Any CPU.Build.0 = Release|Any CPU
	EndGlobalSection
	GlobalSection(SolutionProperties) = preSolution
		HideSolutionNode = FALSE
	EndGlobalSection
	GlobalSection(ExtensibilityGlobals) = postSolution
		SolutionGuid = {FE839A6B-32BB-40C1-A8B3-BBE22F2A88F7}
	EndGlobalSection
EndGlobal
